
Microsoft Visual Studio Solution File, Format Version 12.00
# Visual Studio 15
VisualStudioVersion = 15.0.28010.0
MinimumVisualStudioVersion = 10.0.40219.1
Project("{FAE04EC0-301F-11D3-BF4B-00C04F79EFBC}") = "132456_Donnelly_SoundDemo", "132456_Donnelly_SoundDemo\132456_Donnelly_SoundDemo.csproj", "{9B0CDE80-A8E1-4A10-A425-80841BD31A3F}"
EndProject
Global
	GlobalSection(SolutionConfigurationPlatforms) = preSolution
		Debug|Any CPU = Debug|Any CPU
		Release|Any CPU = Release|Any CPU
	EndGlobalSection
	GlobalSection(ProjectConfigurationPlatforms) = postSolution
		{9B0CDE80-A8E1-4A10-A425-80841BD31A3F}.Debug|Any CPU.ActiveCfg = Debug|Any CPU
		{9B0CDE80-A8E1-4A10-A425-80841BD31A3F}.Debug|Any CPU.Build.0 = Debug|Any CPU
		{9B0CDE80-A8E1-4A10-A425-80841BD31A3F}.Release|Any CPU.ActiveCfg = Release|Any CPU
		{9B0CDE80-A8E1-4A10-A425-80841BD31A3F}.Release|Any CPU.Build.0 = Release|Any CPU
	EndGlobalSection
	GlobalSection(SolutionProperties) = preSolution
		HideSolutionNode = FALSE
	EndGlobalSection
	GlobalSection(ExtensibilityGlobals) = postSolution
		SolutionGuid = {1E507AFC-0643-43BF-B950-43236D6B51CE}
	EndGlobalSection
EndGlobal
